
Microsoft Visual Studio Solution File, Format Version 12.00
# Visual Studio Version 16
VisualStudioVersion = 16.0.30804.86
MinimumVisualStudioVersion = 10.0.40219.1
Project("{8BC9CEB8-8B4A-11D0-8D11-00A0C91BC942}") = "Base-Dll-Proxy", "Base-Dll-Proxy.vcxproj", "{5A1E571D-6AEA-451D-8F65-4C0CA06654B8}"
EndProject
Global
	GlobalSection(SolutionConfigurationPlatforms) = preSolution
		Debug|x64 = Debug|x64
		Debug|x86 = Debug|x86
		Release|x64 = Release|x64
		Release|x86 = Release|x86
	EndGlobalSection
	GlobalSection(ProjectConfigurationPlatforms) = postSolution
		{5A1E571D-6AEA-451D-8F65-4C0CA06654B8}.Debug|x64.ActiveCfg = Debug|x64
		{5A1E571D-6AEA-451D-8F65-4C0CA06654B8}.Debug|x64.Build.0 = Debug|x64
		{5A1E571D-6AEA-451D-8F65-4C0CA06654B8}.Debug|x86.ActiveCfg = Debug|Win32
		{5A1E571D-6AEA-451D-8F65-4C0CA06654B8}.Debug|x86.Build.0 = Debug|Win32
		{5A1E571D-6AEA-451D-8F65-4C0CA06654B8}.Release|x64.ActiveCfg = Release|x64
		{5A1E571D-6AEA-451D-8F65-4C0CA06654B8}.Release|x64.Build.0 = Release|x64
		{5A1E571D-6AEA-451D-8F65-4C0CA06654B8}.Release|x86.ActiveCfg = Release|Win32
		{5A1E571D-6AEA-451D-8F65-4C0CA06654B8}.Release|x86.Build.0 = Release|Win32
	EndGlobalSection
	GlobalSection(SolutionProperties) = preSolution
		HideSolutionNode = FALSE
	EndGlobalSection
	GlobalSection(ExtensibilityGlobals) = postSolution
		SolutionGuid = {155579EC-FC58-4F42-83A5-103DF2A4D8E6}
	EndGlobalSection
EndGlobal
